
Microsoft Visual Studio Solution File, Format Version 12.00
# Visual Studio Version 17
VisualStudioVersion = 17.7.34031.279
MinimumVisualStudioVersion = 10.0.40219.1
Project("{8BC9CEB8-8B4A-11D0-8D11-00A0C91BC942}") = "P1161", "P1161\P1161.vcxproj", "{451A8E5B-9536-44A2-ACCD-FE29D7BD2C77}"
EndProject
Global
	GlobalSection(SolutionConfigurationPlatforms) = preSolution
		Debug|x64 = Debug|x64
		Debug|x86 = Debug|x86
		Release|x64 = Release|x64
		Release|x86 = Release|x86
	EndGlobalSection
	GlobalSection(ProjectConfigurationPlatforms) = postSolution
		{451A8E5B-9536-44A2-ACCD-FE29D7BD2C77}.Debug|x64.ActiveCfg = Debug|x64
		{451A8E5B-9536-44A2-ACCD-FE29D7BD2C77}.Debug|x64.Build.0 = Debug|x64
		{451A8E5B-9536-44A2-ACCD-FE29D7BD2C77}.Debug|x86.ActiveCfg = Debug|Win32
		{451A8E5B-9536-44A2-ACCD-FE29D7BD2C77}.Debug|x86.Build.0 = Debug|Win32
		{451A8E5B-9536-44A2-ACCD-FE29D7BD2C77}.Release|x64.ActiveCfg = Release|x64
		{451A8E5B-9536-44A2-ACCD-FE29D7BD2C77}.Release|x64.Build.0 = Release|x64
		{451A8E5B-9536-44A2-ACCD-FE29D7BD2C77}.Release|x86.ActiveCfg = Release|Win32
		{451A8E5B-9536-44A2-ACCD-FE29D7BD2C77}.Release|x86.Build.0 = Release|Win32
	EndGlobalSection
	GlobalSection(SolutionProperties) = preSolution
		HideSolutionNode = FALSE
	EndGlobalSection
	GlobalSection(ExtensibilityGlobals) = postSolution
		SolutionGuid = {357E1820-D174-4B41-B7B9-A48424D1A0F0}
	EndGlobalSection
EndGlobal
